// !$*UTF8*$!
{
	archiveVersion = 1;
	classes = {
	};
	objectVersion = 56;
	objects = {

/* Begin PBXBuildFile section */
		026DCD252AD07C4F000705B8 /* MusicaIcon.swift in Sources */ = {isa = PBXBuildFile; fileRef = 026DCD242AD07C4E000705B8 /* MusicaIcon.swift */; };
		029443C72ACA571B00F54609 /* SwiftData.swift in Sources */ = {isa = PBXBuildFile; fileRef = 029443C62ACA571B00F54609 /* SwiftData.swift */; };
		029443C92ACB7BA300F54609 /* AudioManager.swift in Sources */ = {isa = PBXBuildFile; fileRef = 029443C82ACB7BA300F54609 /* AudioManager.swift */; };
		02DD86A42AC904F700B1009D /* MusicaApp.swift in Sources */ = {isa = PBXBuildFile; fileRef = 02DD86A32AC904F700B1009D /* MusicaApp.swift */; };
		02DD86A62AC904F700B1009D /* ContentView.swift in Sources */ = {isa = PBXBuildFile; fileRef = 02DD86A52AC904F700B1009D /* ContentView.swift */; };
		02DD86A82AC904F800B1009D /* Assets.xcassets in Resources */ = {isa = PBXBuildFile; fileRef = 02DD86A72AC904F800B1009D /* Assets.xcassets */; };
		02DD86AB2AC904F800B1009D /* Preview Assets.xcassets in Resources */ = {isa = PBXBuildFile; fileRef = 02DD86AA2AC904F800B1009D /* Preview Assets.xcassets */; };
		02DD86B22AC9050900B1009D /* File.swift in Sources */ = {isa = PBXBuildFile; fileRef = 02DD86B12AC9050900B1009D /* File.swift */; };
		02DD86B42AC9079900B1009D /* FileListView.swift in Sources */ = {isa = PBXBuildFile; fileRef = 02DD86B32AC9079900B1009D /* FileListView.swift */; };
		02DD86B62AC907A200B1009D /* SettingsView.swift in Sources */ = {isa = PBXBuildFile; fileRef = 02DD86B52AC907A200B1009D /* SettingsView.swift */; };
		02DD86B82AC9088500B1009D /* FileCell.swift in Sources */ = {isa = PBXBuildFile; fileRef = 02DD86B72AC9088500B1009D /* FileCell.swift */; };
		02DD86BA2AC9211200B1009D /* EditFileView.swift in Sources */ = {isa = PBXBuildFile; fileRef = 02DD86B92AC9211200B1009D /* EditFileView.swift */; };
		02DD86BC2AC9217100B1009D /* TextCell.swift in Sources */ = {isa = PBXBuildFile; fileRef = 02DD86BB2AC9217100B1009D /* TextCell.swift */; };
		02DD86BF2AC926F500B1009D /* ColorPickerCdll.swift in Sources */ = {isa = PBXBuildFile; fileRef = 02DD86BE2AC926F500B1009D /* ColorPickerCdll.swift */; };
		02DD86C12AC9542700B1009D /* CustomColors.swift in Sources */ = {isa = PBXBuildFile; fileRef = 02DD86C02AC9542700B1009D /* CustomColors.swift */; };
		02DD86C32AC9D98F00B1009D /* CustomViewCell.swift in Sources */ = {isa = PBXBuildFile; fileRef = 02DD86C22AC9D98F00B1009D /* CustomViewCell.swift */; };
		02DD86C52AC9D9E800B1009D /* SelectFileIconView.swift in Sources */ = {isa = PBXBuildFile; fileRef = 02DD86C42AC9D9E800B1009D /* SelectFileIconView.swift */; };
		02DD86C72AC9DA3B00B1009D /* SymbolData.swift in Sources */ = {isa = PBXBuildFile; fileRef = 02DD86C62AC9DA3B00B1009D /* SymbolData.swift */; };
		02DD86C92AC9DB9700B1009D /* LinkCell.swift in Sources */ = {isa = PBXBuildFile; fileRef = 02DD86C82AC9DB9700B1009D /* LinkCell.swift */; };
		02DD86CB2ACA040F00B1009D /* Color.swift in Sources */ = {isa = PBXBuildFile; fileRef = 02DD86CA2ACA040F00B1009D /* Color.swift */; };
		02FE7B362AE31CF80011FDB5 /* SelectIconView.swift in Sources */ = {isa = PBXBuildFile; fileRef = 02FE7B352AE31CF80011FDB5 /* SelectIconView.swift */; };
/* End PBXBuildFile section */

/* Begin PBXFileReference section */
		026DCD242AD07C4E000705B8 /* MusicaIcon.swift */ = {isa = PBXFileReference; lastKnownFileType = sourcecode.swift; path = MusicaIcon.swift; sourceTree = "<group>"; };
		029443C62ACA571B00F54609 /* SwiftData.swift */ = {isa = PBXFileReference; lastKnownFileType = sourcecode.swift; path = SwiftData.swift; sourceTree = "<group>"; };
		029443C82ACB7BA300F54609 /* AudioManager.swift */ = {isa = PBXFileReference; lastKnownFileType = sourcecode.swift; path = AudioManager.swift; sourceTree = "<group>"; };
		02DD86A02AC904F700B1009D /* Musica.app */ = {isa = PBXFileReference; explicitFileType = wrapper.application; includeInIndex = 0; path = Musica.app; sourceTree = BUILT_PRODUCTS_DIR; };
		02DD86A32AC904F700B1009D /* MusicaApp.swift */ = {isa = PBXFileReference; lastKnownFileType = sourcecode.swift; path = MusicaApp.swift; sourceTree = "<group>"; };
		02DD86A52AC904F700B1009D /* ContentView.swift */ = {isa = PBXFileReference; lastKnownFileType = sourcecode.swift; path = ContentView.swift; sourceTree = "<group>"; };
		02DD86A72AC904F800B1009D /* Assets.xcassets */ = {isa = PBXFileReference; lastKnownFileType = folder.assetcatalog; path = Assets.xcassets; sourceTree = "<group>"; };
		02DD86AA2AC904F800B1009D /* Preview Assets.xcassets */ = {isa = PBXFileReference; lastKnownFileType = folder.assetcatalog; path = "Preview Assets.xcassets"; sourceTree = "<group>"; };
		02DD86B12AC9050900B1009D /* File.swift */ = {isa = PBXFileReference; lastKnownFileType = sourcecode.swift; path = File.swift; sourceTree = "<group>"; };
		02DD86B32AC9079900B1009D /* FileListView.swift */ = {isa = PBXFileReference; lastKnownFileType = sourcecode.swift; path = FileListView.swift; sourceTree = "<group>"; };
		02DD86B52AC907A200B1009D /* SettingsView.swift */ = {isa = PBXFileReference; lastKnownFileType = sourcecode.swift; path = SettingsView.swift; sourceTree = "<group>"; };
		02DD86B72AC9088500B1009D /* FileCell.swift */ = {isa = PBXFileReference; lastKnownFileType = sourcecode.swift; path = FileCell.swift; sourceTree = "<group>"; };
		02DD86B92AC9211200B1009D /* EditFileView.swift */ = {isa = PBXFileReference; lastKnownFileType = sourcecode.swift; path = EditFileView.swift; sourceTree = "<group>"; };
		02DD86BB2AC9217100B1009D /* TextCell.swift */ = {isa = PBXFileReference; lastKnownFileType = sourcecode.swift; path = TextCell.swift; sourceTree = "<group>"; };
		02DD86BE2AC926F500B1009D /* ColorPickerCdll.swift */ = {isa = PBXFileReference; lastKnownFileType = sourcecode.swift; path = ColorPickerCdll.swift; sourceTree = "<group>"; };
		02DD86C02AC9542700B1009D /* CustomColors.swift */ = {isa = PBXFileReference; lastKnownFileType = sourcecode.swift; path = CustomColors.swift; sourceTree = "<group>"; };
		02DD86C22AC9D98F00B1009D /* CustomViewCell.swift */ = {isa = PBXFileReference; lastKnownFileType = sourcecode.swift; path = CustomViewCell.swift; sourceTree = "<group>"; };
		02DD86C42AC9D9E800B1009D /* SelectFileIconView.swift */ = {isa = PBXFileReference; lastKnownFileType = sourcecode.swift; path = SelectFileIconView.swift; sourceTree = "<group>"; };
		02DD86C62AC9DA3B00B1009D /* SymbolData.swift */ = {isa = PBXFileReference; lastKnownFileType = sourcecode.swift; path = SymbolData.swift; sourceTree = "<group>"; };
		02DD86C82AC9DB9700B1009D /* LinkCell.swift */ = {isa = PBXFileReference; lastKnownFileType = sourcecode.swift; path = LinkCell.swift; sourceTree = "<group>"; };
		02DD86CA2ACA040F00B1009D /* Color.swift */ = {isa = PBXFileReference; lastKnownFileType = sourcecode.swift; path = Color.swift; sourceTree = "<group>"; };
		02FE7B352AE31CF80011FDB5 /* SelectIconView.swift */ = {isa = PBXFileReference; lastKnownFileType = sourcecode.swift; path = SelectIconView.swift; sourceTree = "<group>"; };
/* End PBXFileReference section */

/* Begin PBXFrameworksBuildPhase section */
		02DD869D2AC904F700B1009D /* Frameworks */ = {
			isa = PBXFrameworksBuildPhase;
			buildActionMask = 2147483647;
			files = (
			);
			runOnlyForDeploymentPostprocessing = 0;
		};
/* End PBXFrameworksBuildPhase section */

/* Begin PBXGroup section */
		02DD86972AC904F700B1009D = {
			isa = PBXGroup;
			children = (
				02DD86A22AC904F700B1009D /* Musica */,
				02DD86A12AC904F700B1009D /* Products */,
			);
			sourceTree = "<group>";
		};
		02DD86A12AC904F700B1009D /* Products */ = {
			isa = PBXGroup;
			children = (
				02DD86A02AC904F700B1009D /* Musica.app */,
			);
			name = Products;
			sourceTree = "<group>";
		};
		02DD86A22AC904F700B1009D /* Musica */ = {
			isa = PBXGroup;
			children = (
				02DD86C62AC9DA3B00B1009D /* SymbolData.swift */,
				02FE7B352AE31CF80011FDB5 /* SelectIconView.swift */,
				02DD86A32AC904F700B1009D /* MusicaApp.swift */,
				029443C82ACB7BA300F54609 /* AudioManager.swift */,
				026DCD242AD07C4E000705B8 /* MusicaIcon.swift */,
				02DD86A52AC904F700B1009D /* ContentView.swift */,
				02DD86B72AC9088500B1009D /* FileCell.swift */,
				02DD86B32AC9079900B1009D /* FileListView.swift */,
				029443C62ACA571B00F54609 /* SwiftData.swift */,
				02DD86B92AC9211200B1009D /* EditFileView.swift */,
				02DD86C42AC9D9E800B1009D /* SelectFileIconView.swift */,
				02DD86C02AC9542700B1009D /* CustomColors.swift */,
				02DD86BD2AC9217900B1009D /* Cells */,
				02DD86B52AC907A200B1009D /* SettingsView.swift */,
				02DD86B12AC9050900B1009D /* File.swift */,
				02DD86CC2ACA041300B1009D /* Extensions */,
				02DD86A72AC904F800B1009D /* Assets.xcassets */,
				02DD86A92AC904F800B1009D /* Preview Content */,
			);
			path = Musica;
			sourceTree = "<group>";
		};
		02DD86A92AC904F800B1009D /* Preview Content */ = {
			isa = PBXGroup;
			children = (
				02DD86AA2AC904F800B1009D /* Preview Assets.xcassets */,
			);
			path = "Preview Content";
			sourceTree = "<group>";
		};
		02DD86BD2AC9217900B1009D /* Cells */ = {
			isa = PBXGroup;
			children = (
				02DD86BB2AC9217100B1009D /* TextCell.swift */,
				02DD86C82AC9DB9700B1009D /* LinkCell.swift */,
				02DD86BE2AC926F500B1009D /* ColorPickerCdll.swift */,
				02DD86C22AC9D98F00B1009D /* CustomViewCell.swift */,
			);
			path = Cells;
			sourceTree = "<group>";
		};
		02DD86CC2ACA041300B1009D /* Extensions */ = {
			isa = PBXGroup;
			children = (
				02DD86CA2ACA040F00B1009D /* Color.swift */,
			);
			path = Extensions;
			sourceTree = "<group>";
		};
/* End PBXGroup section */

/* Begin PBXNativeTarget section */
		02DD869F2AC904F700B1009D /* Musica */ = {
			isa = PBXNativeTarget;
			buildConfigurationList = 02DD86AE2AC904F800B1009D /* Build configuration list for PBXNativeTarget "Musica" */;
			buildPhases = (
				02DD869C2AC904F700B1009D /* Sources */,
				02DD869D2AC904F700B1009D /* Frameworks */,
				02DD869E2AC904F700B1009D /* Resources */,
			);
			buildRules = (
			);
			dependencies = (
			);
			name = Musica;
			productName = Musica;
			productReference = 02DD86A02AC904F700B1009D /* Musica.app */;
			productType = "com.apple.product-type.application";
		};
/* End PBXNativeTarget section */

/* Begin PBXProject section */
		02DD86982AC904F700B1009D /* Project object */ = {
			isa = PBXProject;
			attributes = {
				BuildIndependentTargetsInParallel = 1;
				LastSwiftUpdateCheck = 1500;
				LastUpgradeCheck = 1500;
				TargetAttributes = {
					02DD869F2AC904F700B1009D = {
						CreatedOnToolsVersion = 15.0;
					};
				};
			};
			buildConfigurationList = 02DD869B2AC904F700B1009D /* Build configuration list for PBXProject "Musica" */;
			compatibilityVersion = "Xcode 14.0";
			developmentRegion = en;
			hasScannedForEncodings = 0;
			knownRegions = (
				en,
				Base,
			);
			mainGroup = 02DD86972AC904F700B1009D;
			productRefGroup = 02DD86A12AC904F700B1009D /* Products */;
			projectDirPath = "";
			projectRoot = "";
			targets = (
				02DD869F2AC904F700B1009D /* Musica */,
			);
		};
/* End PBXProject section */

/* Begin PBXResourcesBuildPhase section */
		02DD869E2AC904F700B1009D /* Resources */ = {
			isa = PBXResourcesBuildPhase;
			buildActionMask = 2147483647;
			files = (
				02DD86AB2AC904F800B1009D /* Preview Assets.xcassets in Resources */,
				02DD86A82AC904F800B1009D /* Assets.xcassets in Resources */,
			);
			runOnlyForDeploymentPostprocessing = 0;
		};
/* End PBXResourcesBuildPhase section */

/* Begin PBXSourcesBuildPhase section */
		02DD869C2AC904F700B1009D /* Sources */ = {
			isa = PBXSourcesBuildPhase;
			buildActionMask = 2147483647;
			files = (
				02DD86B62AC907A200B1009D /* SettingsView.swift in Sources */,
				029443C72ACA571B00F54609 /* SwiftData.swift in Sources */,
				02DD86B42AC9079900B1009D /* FileListView.swift in Sources */,
				029443C92ACB7BA300F54609 /* AudioManager.swift in Sources */,
				02DD86BA2AC9211200B1009D /* EditFileView.swift in Sources */,
				02DD86C52AC9D9E800B1009D /* SelectFileIconView.swift in Sources */,
				02DD86C32AC9D98F00B1009D /* CustomViewCell.swift in Sources */,
				02DD86C92AC9DB9700B1009D /* LinkCell.swift in Sources */,
				02DD86A62AC904F700B1009D /* ContentView.swift in Sources */,
				02DD86BF2AC926F500B1009D /* ColorPickerCdll.swift in Sources */,
				026DCD252AD07C4F000705B8 /* MusicaIcon.swift in Sources */,
				02FE7B362AE31CF80011FDB5 /* SelectIconView.swift in Sources */,
				02DD86CB2ACA040F00B1009D /* Color.swift in Sources */,
				02DD86B82AC9088500B1009D /* FileCell.swift in Sources */,
				02DD86C12AC9542700B1009D /* CustomColors.swift in Sources */,
				02DD86C72AC9DA3B00B1009D /* SymbolData.swift in Sources */,
				02DD86B22AC9050900B1009D /* File.swift in Sources */,
				02DD86BC2AC9217100B1009D /* TextCell.swift in Sources */,
				02DD86A42AC904F700B1009D /* MusicaApp.swift in Sources */,
			);
			runOnlyForDeploymentPostprocessing = 0;
		};
/* End PBXSourcesBuildPhase section */

/* Begin XCBuildConfiguration section */
		02DD86AC2AC904F800B1009D /* Debug */ = {
			isa = XCBuildConfiguration;
			buildSettings = {
				ALWAYS_SEARCH_USER_PATHS = NO;
				ASSETCATALOG_COMPILER_GENERATE_SWIFT_ASSET_SYMBOL_EXTENSIONS = YES;
				CLANG_ANALYZER_NONNULL = YES;
				CLANG_ANALYZER_NUMBER_OBJECT_CONVERSION = YES_AGGRESSIVE;
				CLANG_CXX_LANGUAGE_STANDARD = "gnu++20";
				CLANG_ENABLE_MODULES = YES;
				CLANG_ENABLE_OBJC_ARC = YES;
				CLANG_ENABLE_OBJC_WEAK = YES;
				CLANG_WARN_BLOCK_CAPTURE_AUTORELEASING = YES;
				CLANG_WARN_BOOL_CONVERSION = YES;
				CLANG_WARN_COMMA = YES;
				CLANG_WARN_CONSTANT_CONVERSION = YES;
				CLANG_WARN_DEPRECATED_OBJC_IMPLEMENTATIONS = YES;
				CLANG_WARN_DIRECT_OBJC_ISA_USAGE = YES_ERROR;
				CLANG_WARN_DOCUMENTATION_COMMENTS = YES;
				CLANG_WARN_EMPTY_BODY = YES;
				CLANG_WARN_ENUM_CONVERSION = YES;
				CLANG_WARN_INFINITE_RECURSION = YES;
				CLANG_WARN_INT_CONVERSION = YES;
				CLANG_WARN_NON_LITERAL_NULL_CONVERSION = YES;
				CLANG_WARN_OBJC_IMPLICIT_RETAIN_SELF = YES;
				CLANG_WARN_OBJC_LITERAL_CONVERSION = YES;
				CLANG_WARN_OBJC_ROOT_CLASS = YES_ERROR;
				CLANG_WARN_QUOTED_INCLUDE_IN_FRAMEWORK_HEADER = YES;
				CLANG_WARN_RANGE_LOOP_ANALYSIS = YES;
				CLANG_WARN_STRICT_PROTOTYPES = YES;
				CLANG_WARN_SUSPICIOUS_MOVE = YES;
				CLANG_WARN_UNGUARDED_AVAILABILITY = YES_AGGRESSIVE;
				CLANG_WARN_UNREACHABLE_CODE = YES;
				CLANG_WARN__DUPLICATE_METHOD_MATCH = YES;
				COPY_PHASE_STRIP = NO;
				DEBUG_INFORMATION_FORMAT = dwarf;
				ENABLE_STRICT_OBJC_MSGSEND = YES;
				ENABLE_TESTABILITY = YES;
				ENABLE_USER_SCRIPT_SANDBOXING = YES;
				GCC_C_LANGUAGE_STANDARD = gnu17;
				GCC_DYNAMIC_NO_PIC = NO;
				GCC_NO_COMMON_BLOCKS = YES;
				GCC_OPTIMIZATION_LEVEL = 0;
				GCC_PREPROCESSOR_DEFINITIONS = (
					"DEBUG=1",
					"$(inherited)",
				);
				GCC_WARN_64_TO_32_BIT_CONVERSION = YES;
				GCC_WARN_ABOUT_RETURN_TYPE = YES_ERROR;
				GCC_WARN_UNDECLARED_SELECTOR = YES;
				GCC_WARN_UNINITIALIZED_AUTOS = YES_AGGRESSIVE;
				GCC_WARN_UNUSED_FUNCTION = YES;
				GCC_WARN_UNUSED_VARIABLE = YES;
				IPHONEOS_DEPLOYMENT_TARGET = 17.0;
				LOCALIZATION_PREFERS_STRING_CATALOGS = YES;
				MTL_ENABLE_DEBUG_INFO = INCLUDE_SOURCE;
				MTL_FAST_MATH = YES;
				ONLY_ACTIVE_ARCH = YES;
				SDKROOT = iphoneos;
				SWIFT_ACTIVE_COMPILATION_CONDITIONS = "DEBUG $(inherited)";
				SWIFT_OPTIMIZATION_LEVEL = "-Onone";
			};
			name = Debug;
		};
		02DD86AD2AC904F800B1009D /* Release */ = {
			isa = XCBuildConfiguration;
			buildSettings = {
				ALWAYS_SEARCH_USER_PATHS = NO;
				ASSETCATALOG_COMPILER_GENERATE_SWIFT_ASSET_SYMBOL_EXTENSIONS = YES;
				CLANG_ANALYZER_NONNULL = YES;
				CLANG_ANALYZER_NUMBER_OBJECT_CONVERSION = YES_AGGRESSIVE;
				CLANG_CXX_LANGUAGE_STANDARD = "gnu++20";
				CLANG_ENABLE_MODULES = YES;
				CLANG_ENABLE_OBJC_ARC = YES;
				CLANG_ENABLE_OBJC_WEAK = YES;
				CLANG_WARN_BLOCK_CAPTURE_AUTORELEASING = YES;
				CLANG_WARN_BOOL_CONVERSION = YES;
				CLANG_WARN_COMMA = YES;
				CLANG_WARN_CONSTANT_CONVERSION = YES;
				CLANG_WARN_DEPRECATED_OBJC_IMPLEMENTATIONS = YES;
				CLANG_WARN_DIRECT_OBJC_ISA_USAGE = YES_ERROR;
				CLANG_WARN_DOCUMENTATION_COMMENTS = YES;
				CLANG_WARN_EMPTY_BODY = YES;
				CLANG_WARN_ENUM_CONVERSION = YES;
				CLANG_WARN_INFINITE_RECURSION = YES;
				CLANG_WARN_INT_CONVERSION = YES;
				CLANG_WARN_NON_LITERAL_NULL_CONVERSION = YES;
				CLANG_WARN_OBJC_IMPLICIT_RETAIN_SELF = YES;
				CLANG_WARN_OBJC_LITERAL_CONVERSION = YES;
				CLANG_WARN_OBJC_ROOT_CLASS = YES_ERROR;
				CLANG_WARN_QUOTED_INCLUDE_IN_FRAMEWORK_HEADER = YES;
				CLANG_WARN_RANGE_LOOP_ANALYSIS = YES;
				CLANG_WARN_STRICT_PROTOTYPES = YES;
				CLANG_WARN_SUSPICIOUS_MOVE = YES;
				CLANG_WARN_UNGUARDED_AVAILABILITY = YES_AGGRESSIVE;
				CLANG_WARN_UNREACHABLE_CODE = YES;
				CLANG_WARN__DUPLICATE_METHOD_MATCH = YES;
				COPY_PHASE_STRIP = NO;
				DEBUG_INFORMATION_FORMAT = "dwarf-with-dsym";
				ENABLE_NS_ASSERTIONS = NO;
				ENABLE_STRICT_OBJC_MSGSEND = YES;
				ENABLE_USER_SCRIPT_SANDBOXING = YES;
				GCC_C_LANGUAGE_STANDARD = gnu17;
				GCC_NO_COMMON_BLOCKS = YES;
				GCC_WARN_64_TO_32_BIT_CONVERSION = YES;
				GCC_WARN_ABOUT_RETURN_TYPE = YES_ERROR;
				GCC_WARN_UNDECLARED_SELECTOR = YES;
				GCC_WARN_UNINITIALIZED_AUTOS = YES_AGGRESSIVE;
				GCC_WARN_UNUSED_FUNCTION = YES;
				GCC_WARN_UNUSED_VARIABLE = YES;
				IPHONEOS_DEPLOYMENT_TARGET = 17.0;
				LOCALIZATION_PREFERS_STRING_CATALOGS = YES;
				MTL_ENABLE_DEBUG_INFO = NO;
				MTL_FAST_MATH = YES;
				SDKROOT = iphoneos;
				SWIFT_COMPILATION_MODE = wholemodule;
				VALIDATE_PRODUCT = YES;
			};
			name = Release;
		};
		02DD86AF2AC904F800B1009D /* Debug */ = {
			isa = XCBuildConfiguration;
			buildSettings = {
				ASSETCATALOG_COMPILER_APPICON_NAME = AppIcon;
				ASSETCATALOG_COMPILER_GLOBAL_ACCENT_COLOR_NAME = AccentColor;
				CODE_SIGN_STYLE = Automatic;
				CURRENT_PROJECT_VERSION = 1;
				DEVELOPMENT_ASSET_PATHS = "\"Musica/Preview Content\"";
				DEVELOPMENT_TEAM = 7UHNX49SSD;
				ENABLE_PREVIEWS = YES;
				GENERATE_INFOPLIST_FILE = YES;
				INFOPLIST_KEY_UIApplicationSceneManifest_Generation = YES;
				INFOPLIST_KEY_UIApplicationSupportsIndirectInputEvents = YES;
				INFOPLIST_KEY_UILaunchScreen_Generation = YES;
				INFOPLIST_KEY_UISupportedInterfaceOrientations_iPad = "UIInterfaceOrientationPortrait UIInterfaceOrientationPortraitUpsideDown UIInterfaceOrientationLandscapeLeft UIInterfaceOrientationLandscapeRight";
				INFOPLIST_KEY_UISupportedInterfaceOrientations_iPhone = "UIInterfaceOrientationPortrait UIInterfaceOrientationLandscapeLeft UIInterfaceOrientationLandscapeRight";
				LD_RUNPATH_SEARCH_PATHS = (
					"$(inherited)",
					"@executable_path/Frameworks",
				);
				MARKETING_VERSION = 1.0;
				PRODUCT_BUNDLE_IDENTIFIER = com.jkozar.Musica;
				PRODUCT_NAME = "$(TARGET_NAME)";
				SWIFT_EMIT_LOC_STRINGS = YES;
				SWIFT_VERSION = 5.0;
				TARGETED_DEVICE_FAMILY = "1,2";
			};
			name = Debug;
		};
		02DD86B02AC904F800B1009D /* Release */ = {
			isa = XCBuildConfiguration;
			buildSettings = {
				ASSETCATALOG_COMPILER_APPICON_NAME = AppIcon;
				ASSETCATALOG_COMPILER_GLOBAL_ACCENT_COLOR_NAME = AccentColor;
				CODE_SIGN_STYLE = Automatic;
				CURRENT_PROJECT_VERSION = 1;
				DEVELOPMENT_ASSET_PATHS = "\"Musica/Preview Content\"";
				DEVELOPMENT_TEAM = 7UHNX49SSD;
				ENABLE_PREVIEWS = YES;
				GENERATE_INFOPLIST_FILE = YES;
				INFOPLIST_KEY_UIApplicationSceneManifest_Generation = YES;
				INFOPLIST_KEY_UIApplicationSupportsIndirectInputEvents = YES;
				INFOPLIST_KEY_UILaunchScreen_Generation = YES;
				INFOPLIST_KEY_UISupportedInterfaceOrientations_iPad = "UIInterfaceOrientationPortrait UIInterfaceOrientationPortraitUpsideDown UIInterfaceOrientationLandscapeLeft UIInterfaceOrientationLandscapeRight";
				INFOPLIST_KEY_UISupportedInterfaceOrientations_iPhone = "UIInterfaceOrientationPortrait UIInterfaceOrientationLandscapeLeft UIInterfaceOrientationLandscapeRight";
				LD_RUNPATH_SEARCH_PATHS = (
					"$(inherited)",
					"@executable_path/Frameworks",
				);
				MARKETING_VERSION = 1.0;
				PRODUCT_BUNDLE_IDENTIFIER = com.jkozar.Musica;
				PRODUCT_NAME = "$(TARGET_NAME)";
				SWIFT_EMIT_LOC_STRINGS = YES;
				SWIFT_VERSION = 5.0;
				TARGETED_DEVICE_FAMILY = "1,2";
			};
			name = Release;
		};
/* End XCBuildConfiguration section */

/* Begin XCConfigurationList section */
		02DD869B2AC904F700B1009D /* Build configuration list for PBXProject "Musica" */ = {
			isa = XCConfigurationList;
			buildConfigurations = (
				02DD86AC2AC904F800B1009D /* Debug */,
				02DD86AD2AC904F800B1009D /* Release */,
			);
			defaultConfigurationIsVisible = 0;
			defaultConfigurationName = Release;
		};
		02DD86AE2AC904F800B1009D /* Build configuration list for PBXNativeTarget "Musica" */ = {
			isa = XCConfigurationList;
			buildConfigurations = (
				02DD86AF2AC904F800B1009D /* Debug */,
				02DD86B02AC904F800B1009D /* Release */,
			);
			defaultConfigurationIsVisible = 0;
			defaultConfigurationName = Release;
		};
/* End XCConfigurationList section */
	};
	rootObject = 02DD86982AC904F700B1009D /* Project object */;
}
